
Microsoft Visual Studio Solution File, Format Version 12.00
# Visual Studio Version 16
VisualStudioVersion = 16.0.31129.286
MinimumVisualStudioVersion = 10.0.40219.1
Project("{FAE04EC0-301F-11D3-BF4B-00C04F79EFBC}") = "XMLTest", "XMLTest\XMLTest.csproj", "{7B16F2C9-9C58-4C8F-8B8E-B82DEAD14BFE}"
EndProject
Project("{FAE04EC0-301F-11D3-BF4B-00C04F79EFBC}") = "XMLTestTests", "XMLTestTests\XMLTestTests.csproj", "{2EACBFB2-32CF-4BCE-9586-87F25216A17F}"
EndProject
Global
	GlobalSection(SolutionConfigurationPlatforms) = preSolution
		Debug|Any CPU = Debug|Any CPU
		Release|Any CPU = Release|Any CPU
	EndGlobalSection
	GlobalSection(ProjectConfigurationPlatforms) = postSolution
		{7B16F2C9-9C58-4C8F-8B8E-B82DEAD14BFE}.Debug|Any CPU.ActiveCfg = Debug|Any CPU
		{7B16F2C9-9C58-4C8F-8B8E-B82DEAD14BFE}.Debug|Any CPU.Build.0 = Debug|Any CPU
		{7B16F2C9-9C58-4C8F-8B8E-B82DEAD14BFE}.Release|Any CPU.ActiveCfg = Release|Any CPU
		{7B16F2C9-9C58-4C8F-8B8E-B82DEAD14BFE}.Release|Any CPU.Build.0 = Release|Any CPU
		{2EACBFB2-32CF-4BCE-9586-87F25216A17F}.Debug|Any CPU.ActiveCfg = Debug|Any CPU
		{2EACBFB2-32CF-4BCE-9586-87F25216A17F}.Debug|Any CPU.Build.0 = Debug|Any CPU
		{2EACBFB2-32CF-4BCE-9586-87F25216A17F}.Release|Any CPU.ActiveCfg = Release|Any CPU
		{2EACBFB2-32CF-4BCE-9586-87F25216A17F}.Release|Any CPU.Build.0 = Release|Any CPU
	EndGlobalSection
	GlobalSection(SolutionProperties) = preSolution
		HideSolutionNode = FALSE
	EndGlobalSection
	GlobalSection(ExtensibilityGlobals) = postSolution
		SolutionGuid = {997348B2-E5D3-47C7-970E-84C978006182}
	EndGlobalSection
EndGlobal
